
Microsoft Visual Studio Solution File, Format Version 12.00
Project("{FAE04EC0-301F-11D3-BF4B-00C04F79EFBC}") = "EarthquakeWaring.App", "EarthquakeWaring.App\EarthquakeWaring.App.csproj", "{6B07C12E-FB8E-44F6-AE1F-BFAF70239B85}"
EndProject
Global
	GlobalSection(SolutionConfigurationPlatforms) = preSolution
		Debug|Any CPU = Debug|Any CPU
		Release|Any CPU = Release|Any CPU
	EndGlobalSection
	GlobalSection(ProjectConfigurationPlatforms) = postSolution
		{6B07C12E-FB8E-44F6-AE1F-BFAF70239B85}.Debug|Any CPU.ActiveCfg = Debug|Any CPU
		{6B07C12E-FB8E-44F6-AE1F-BFAF70239B85}.Debug|Any CPU.Build.0 = Debug|Any CPU
		{6B07C12E-FB8E-44F6-AE1F-BFAF70239B85}.Release|Any CPU.ActiveCfg = Release|Any CPU
		{6B07C12E-FB8E-44F6-AE1F-BFAF70239B85}.Release|Any CPU.Build.0 = Release|Any CPU
	EndGlobalSection
EndGlobal
